Microsoft Visual Studio Solution File, Format Version 12.00
# Visual Studio Version 17
VisualStudioVersion = 17.13.35931.197
MinimumVisualStudioVersion = 10.0.40219.1
Project("{FAE04EC0-301F-11D3-BF4B-00C04F79EFBC}") = "ConsoleAppTemplate", "ConsoleAppTemplate\Content\ConsoleAppTemplate.csproj", "{E6EC11C2-57E6-C27B-6C78-C6721B0B44F6}"
EndProject
Project("{FAE04EC0-301F-11D3-BF4B-00C04F79EFBC}") = "SubCommandTemplate", "SubCommandTemplate\SubCommandTemplate.csproj", "{3B6963B1-D91E-B3D8-2380-9782F9D0225C}"
EndProject
Global
	GlobalSection(SolutionConfigurationPlatforms) = preSolution
		Debug|Any CPU = Debug|Any CPU
		Release|Any CPU = Release|Any CPU
	EndGlobalSection
	GlobalSection(ProjectConfigurationPlatforms) = postSolution
		{E6EC11C2-57E6-C27B-6C78-C6721B0B44F6}.Debug|Any CPU.ActiveCfg = Debug|Any CPU
		{E6EC11C2-57E6-C27B-6C78-C6721B0B44F6}.Debug|Any CPU.Build.0 = Debug|Any CPU
		{E6EC11C2-57E6-C27B-6C78-C6721B0B44F6}.Release|Any CPU.ActiveCfg = Release|Any CPU
		{E6EC11C2-57E6-C27B-6C78-C6721B0B44F6}.Release|Any CPU.Build.0 = Release|Any CPU
		{3B6963B1-D91E-B3D8-2380-9782F9D0225C}.Debug|Any CPU.ActiveCfg = Debug|Any CPU
		{3B6963B1-D91E-B3D8-2380-9782F9D0225C}.Debug|Any CPU.Build.0 = Debug|Any CPU
		{3B6963B1-D91E-B3D8-2380-9782F9D0225C}.Release|Any CPU.ActiveCfg = Release|Any CPU
		{3B6963B1-D91E-B3D8-2380-9782F9D0225C}.Release|Any CPU.Build.0 = Release|Any CPU
	EndGlobalSection
	GlobalSection(SolutionProperties) = preSolution
		HideSolutionNode = FALSE
	EndGlobalSection
	GlobalSection(ExtensibilityGlobals) = postSolution
		SolutionGuid = {1BCE0F04-514F-4A72-9B2A-DF75D71D3C54}
	EndGlobalSection
EndGlobal
