Microsoft Visual Studio Solution File, Format Version 12.00
# Visual Studio Version 17
VisualStudioVersion = 17.13.35931.197
MinimumVisualStudioVersion = 10.0.40219.1
Project("{FAE04EC0-301F-11D3-BF4B-00C04F79EFBC}") = "ConsoleAppTemplate", "ConsoleAppTemplate\Content\ConsoleAppTemplate.csproj", "{E6EC11C2-57E6-C27B-6C78-C6721B0B44F6}"
EndProject
Project("{FAE04EC0-301F-11D3-BF4B-00C04F79EFBC}") = "dotnet.consoleapp.template.pack", "ConsoleAppTemplate\dotnet.consoleapp.template.pack.csproj", "{F2F3C90B-AD76-14FF-EE77-CC9B4BF787FC}"
EndProject
Project("{FAE04EC0-301F-11D3-BF4B-00C04F79EFBC}") = "dotnet.subcommand.template.pack", "SubCommandTemplate\dotnet.subcommand.template.pack.csproj", "{CFFD0862-52D9-9CE7-48FB-EB01148BD614}"
EndProject
Project("{FAE04EC0-301F-11D3-BF4B-00C04F79EFBC}") = "dotnet.etl-subcommand.template.pack", "EtlSubCommandTemplate\dotnet.etl-subcommand.template.pack.csproj", "{BF5F1F16-9EB3-3377-9D5B-95A7492E4D83}"
EndProject
Global
	GlobalSection(SolutionConfigurationPlatforms) = preSolution
		Debug|Any CPU = Debug|Any CPU
		Release|Any CPU = Release|Any CPU
	EndGlobalSection
	GlobalSection(ProjectConfigurationPlatforms) = postSolution
		{E6EC11C2-57E6-C27B-6C78-C6721B0B44F6}.Debug|Any CPU.ActiveCfg = Debug|Any CPU
		{E6EC11C2-57E6-C27B-6C78-C6721B0B44F6}.Debug|Any CPU.Build.0 = Debug|Any CPU
		{E6EC11C2-57E6-C27B-6C78-C6721B0B44F6}.Release|Any CPU.ActiveCfg = Release|Any CPU
		{E6EC11C2-57E6-C27B-6C78-C6721B0B44F6}.Release|Any CPU.Build.0 = Release|Any CPU
		{F2F3C90B-AD76-14FF-EE77-CC9B4BF787FC}.Debug|Any CPU.ActiveCfg = Debug|Any CPU
		{F2F3C90B-AD76-14FF-EE77-CC9B4BF787FC}.Debug|Any CPU.Build.0 = Debug|Any CPU
		{F2F3C90B-AD76-14FF-EE77-CC9B4BF787FC}.Release|Any CPU.ActiveCfg = Release|Any CPU
		{F2F3C90B-AD76-14FF-EE77-CC9B4BF787FC}.Release|Any CPU.Build.0 = Release|Any CPU
		{CFFD0862-52D9-9CE7-48FB-EB01148BD614}.Debug|Any CPU.ActiveCfg = Debug|Any CPU
		{CFFD0862-52D9-9CE7-48FB-EB01148BD614}.Debug|Any CPU.Build.0 = Debug|Any CPU
		{CFFD0862-52D9-9CE7-48FB-EB01148BD614}.Release|Any CPU.ActiveCfg = Release|Any CPU
		{CFFD0862-52D9-9CE7-48FB-EB01148BD614}.Release|Any CPU.Build.0 = Release|Any CPU
		{BF5F1F16-9EB3-3377-9D5B-95A7492E4D83}.Debug|Any CPU.ActiveCfg = Debug|Any CPU
		{BF5F1F16-9EB3-3377-9D5B-95A7492E4D83}.Debug|Any CPU.Build.0 = Debug|Any CPU
		{BF5F1F16-9EB3-3377-9D5B-95A7492E4D83}.Release|Any CPU.ActiveCfg = Release|Any CPU
		{BF5F1F16-9EB3-3377-9D5B-95A7492E4D83}.Release|Any CPU.Build.0 = Release|Any CPU
	EndGlobalSection
	GlobalSection(SolutionProperties) = preSolution
		HideSolutionNode = FALSE
	EndGlobalSection
	GlobalSection(ExtensibilityGlobals) = postSolution
		SolutionGuid = {1BCE0F04-514F-4A72-9B2A-DF75D71D3C54}
	EndGlobalSection
EndGlobal
